github.com/MakeNowJust/heredoc v0.0.0-20171113091838-e9091a26100e h1:eb0Pzkt15Bm7f2FFYv7sjY7NPFi3cPkS3tv1CcrFBWA=
github.com/MakeNowJust/heredoc v0.0.0-20171113091838-e9091a26100e/go.mod h1:64YHyfSL2R96J44Nlwm39UHepQbyR5q10x7iYa1ks2E=
github.com/pmezard/go-difflib v1.0.0 h1:4DBwDE0NGyQoBHbLQYPwSUPoCMWR5BEzIk/f1lZbAQM=
github.com/pmezard/go-difflib v1.0.0/go.mod h1:iKH77koFhYxTK1pcRnkKkqfTogsbg7gZNVY4sRDYZ/4=
